
Microsoft Visual Studio Solution File, Format Version 12.00
# Visual Studio Version 17
VisualStudioVersion = 17.4.33122.133
MinimumVisualStudioVersion = 10.0.40219.1
Project("{9A19103F-16F7-4668-BE54-9A1E7A4F7556}") = "Simple.Notification.Service", "src\Simple.Notification.Service\Simple.Notification.Service.csproj", "{26E47DBE-DE73-4BCD-9919-42112EE87111}"
EndProject
Project("{9A19103F-16F7-4668-BE54-9A1E7A4F7556}") = "Simple.Notification.Service.Tests", "tests\Simple.Notification.Service.Tests\Simple.Notification.Service.Tests.csproj", "{FF0C6D4A-97B7-4EDF-B0D1-EC9D995F5AEA}"
EndProject
Project("{2150E333-8FDC-42A3-9474-1A3956D46DE8}") = "Solution Files", "Solution Files", "{73615602-0608-47D8-961C-FE244B18F860}"
	ProjectSection(SolutionItems) = preProject
		..\..\.github\workflows\build-simple-notification-service-lambda.yml = ..\..\.github\workflows\build-simple-notification-service-lambda.yml
	EndProjectSection
EndProject
Global
	GlobalSection(SolutionConfigurationPlatforms) = preSolution
		Debug|Any CPU = Debug|Any CPU
		Release|Any CPU = Release|Any CPU
	EndGlobalSection
	GlobalSection(ProjectConfigurationPlatforms) = postSolution
		{26E47DBE-DE73-4BCD-9919-42112EE87111}.Debug|Any CPU.ActiveCfg = Debug|Any CPU
		{26E47DBE-DE73-4BCD-9919-42112EE87111}.Debug|Any CPU.Build.0 = Debug|Any CPU
		{26E47DBE-DE73-4BCD-9919-42112EE87111}.Release|Any CPU.ActiveCfg = Release|Any CPU
		{26E47DBE-DE73-4BCD-9919-42112EE87111}.Release|Any CPU.Build.0 = Release|Any CPU
		{FF0C6D4A-97B7-4EDF-B0D1-EC9D995F5AEA}.Debug|Any CPU.ActiveCfg = Debug|Any CPU
		{FF0C6D4A-97B7-4EDF-B0D1-EC9D995F5AEA}.Debug|Any CPU.Build.0 = Debug|Any CPU
		{FF0C6D4A-97B7-4EDF-B0D1-EC9D995F5AEA}.Release|Any CPU.ActiveCfg = Release|Any CPU
		{FF0C6D4A-97B7-4EDF-B0D1-EC9D995F5AEA}.Release|Any CPU.Build.0 = Release|Any CPU
	EndGlobalSection
	GlobalSection(SolutionProperties) = preSolution
		HideSolutionNode = FALSE
	EndGlobalSection
	GlobalSection(ExtensibilityGlobals) = postSolution
		SolutionGuid = {751AAA85-B97B-4441-A164-CA792E2CBCE5}
	EndGlobalSection
EndGlobal
